
Microsoft Visual Studio Solution File, Format Version 12.00
# Visual Studio Version 16
VisualStudioVersion = 16.0.31424.327
MinimumVisualStudioVersion = 10.0.40219.1
Project("{FAE04EC0-301F-11D3-BF4B-00C04F79EFBC}") = "Joystick_UI_Azure_SpecFlow_MSTest", "Joystick_UI_Azure_SpecFlow_MSTest\Joystick_UI_Azure_SpecFlow_MSTest.csproj", "{72C70E23-D243-42CA-A9EB-A20800DE450F}"
EndProject
Global
	GlobalSection(SolutionConfigurationPlatforms) = preSolution
		Debug|Any CPU = Debug|Any CPU
		Release|Any CPU = Release|Any CPU
	EndGlobalSection
	GlobalSection(ProjectConfigurationPlatforms) = postSolution
		{72C70E23-D243-42CA-A9EB-A20800DE450F}.Debug|Any CPU.ActiveCfg = Debug|Any CPU
		{72C70E23-D243-42CA-A9EB-A20800DE450F}.Debug|Any CPU.Build.0 = Debug|Any CPU
		{72C70E23-D243-42CA-A9EB-A20800DE450F}.Release|Any CPU.ActiveCfg = Release|Any CPU
		{72C70E23-D243-42CA-A9EB-A20800DE450F}.Release|Any CPU.Build.0 = Release|Any CPU
	EndGlobalSection
	GlobalSection(SolutionProperties) = preSolution
		HideSolutionNode = FALSE
	EndGlobalSection
	GlobalSection(ExtensibilityGlobals) = postSolution
		SolutionGuid = {95116325-8018-43D8-A09D-73B1DED94993}
	EndGlobalSection
EndGlobal
